// !$*UTF8*$!
{
	archiveVersion = 1;
	classes = {
	};
	objectVersion = 56;
	objects = {

/* Begin PBXBuildFile section */
		4839B20B2B0D5EC500084E64 /* SessionStateManager.swift in Sources */ = {isa = PBXBuildFile; fileRef = 4839B20A2B0D5EC500084E64 /* SessionStateManager.swift */; };
		4839B2112B0D8A0B00084E64 /* LoginView.swift in Sources */ = {isa = PBXBuildFile; fileRef = 4839B2102B0D8A0B00084E64 /* LoginView.swift */; };
		4839B2132B0D8AF300084E64 /* InputView.swift in Sources */ = {isa = PBXBuildFile; fileRef = 4839B2122B0D8AF300084E64 /* InputView.swift */; };
		483BEC132B0BFCB10099B206 /* OTH_IOSApp.swift in Sources */ = {isa = PBXBuildFile; fileRef = 483BEC122B0BFCB10099B206 /* OTH_IOSApp.swift */; };
		483BEC152B0BFCB10099B206 /* ContentView.swift in Sources */ = {isa = PBXBuildFile; fileRef = 483BEC142B0BFCB10099B206 /* ContentView.swift */; };
		483BEC172B0BFCB30099B206 /* Assets.xcassets in Resources */ = {isa = PBXBuildFile; fileRef = 483BEC162B0BFCB30099B206 /* Assets.xcassets */; };
		483BEC1A2B0BFCB30099B206 /* Preview Assets.xcassets in Resources */ = {isa = PBXBuildFile; fileRef = 483BEC192B0BFCB30099B206 /* Preview Assets.xcassets */; };
		483BEC272B0C04210099B206 /* FirebaseAnalytics in Frameworks */ = {isa = PBXBuildFile; productRef = 483BEC262B0C04210099B206 /* FirebaseAnalytics */; };
		483BEC292B0C04210099B206 /* FirebaseAnalyticsSwift in Frameworks */ = {isa = PBXBuildFile; productRef = 483BEC282B0C04210099B206 /* FirebaseAnalyticsSwift */; };
		483BEC2B2B0C04210099B206 /* FirebaseAuth in Frameworks */ = {isa = PBXBuildFile; productRef = 483BEC2A2B0C04210099B206 /* FirebaseAuth */; };
		483BEC2D2B0C04210099B206 /* FirebaseAuthCombine-Community in Frameworks */ = {isa = PBXBuildFile; productRef = 483BEC2C2B0C04210099B206 /* FirebaseAuthCombine-Community */; };
		483BEC2F2B0C04210099B206 /* FirebaseDatabase in Frameworks */ = {isa = PBXBuildFile; productRef = 483BEC2E2B0C04210099B206 /* FirebaseDatabase */; };
		483BEC312B0C04210099B206 /* FirebaseDatabaseSwift in Frameworks */ = {isa = PBXBuildFile; productRef = 483BEC302B0C04210099B206 /* FirebaseDatabaseSwift */; };
		483BEC332B0C04210099B206 /* FirebaseFirestore in Frameworks */ = {isa = PBXBuildFile; productRef = 483BEC322B0C04210099B206 /* FirebaseFirestore */; };
		483BEC352B0C04210099B206 /* FirebaseFirestoreCombine-Community in Frameworks */ = {isa = PBXBuildFile; productRef = 483BEC342B0C04210099B206 /* FirebaseFirestoreCombine-Community */; };
		483BEC372B0C04210099B206 /* FirebaseFirestoreSwift in Frameworks */ = {isa = PBXBuildFile; productRef = 483BEC362B0C04210099B206 /* FirebaseFirestoreSwift */; };
		483BEC392B0C04210099B206 /* FirebaseFunctions in Frameworks */ = {isa = PBXBuildFile; productRef = 483BEC382B0C04210099B206 /* FirebaseFunctions */; };
		483BEC3B2B0C04210099B206 /* FirebaseFunctionsCombine-Community in Frameworks */ = {isa = PBXBuildFile; productRef = 483BEC3A2B0C04210099B206 /* FirebaseFunctionsCombine-Community */; };
		483BEC3D2B0C04210099B206 /* FirebaseStorage in Frameworks */ = {isa = PBXBuildFile; productRef = 483BEC3C2B0C04210099B206 /* FirebaseStorage */; };
		483BEC3F2B0C04210099B206 /* FirebaseStorageCombine-Community in Frameworks */ = {isa = PBXBuildFile; productRef = 483BEC3E2B0C04210099B206 /* FirebaseStorageCombine-Community */; };
		489546762B0E708B0019CA68 /* FirebaseUtility.swift in Sources */ = {isa = PBXBuildFile; fileRef = 489546752B0E708B0019CA68 /* FirebaseUtility.swift */; };
		489546782B0E8DD00019CA68 /* AddThumbnailView.swift in Sources */ = {isa = PBXBuildFile; fileRef = 489546772B0E8DD00019CA68 /* AddThumbnailView.swift */; };
		4895467A2B0E9C0A0019CA68 /* SceneDelegate.swift in Sources */ = {isa = PBXBuildFile; fileRef = 489546792B0E9C0A0019CA68 /* SceneDelegate.swift */; };
		4895467C2B0E9D410019CA68 /* AppDelegate.swift in Sources */ = {isa = PBXBuildFile; fileRef = 4895467B2B0E9D410019CA68 /* AppDelegate.swift */; };
		489546872B0EB3C70019CA68 /* MainViewController.swift in Sources */ = {isa = PBXBuildFile; fileRef = 489546862B0EB3C70019CA68 /* MainViewController.swift */; };
		489546892B0EB7DE0019CA68 /* TabBarController.swift in Sources */ = {isa = PBXBuildFile; fileRef = 489546882B0EB7DE0019CA68 /* TabBarController.swift */; };
		4895468B2B0EB7F00019CA68 /* SignUpViewController.swift in Sources */ = {isa = PBXBuildFile; fileRef = 4895468A2B0EB7F00019CA68 /* SignUpViewController.swift */; };
		4895468F2B0EBB4F0019CA68 /* HomeViewController.swift in Sources */ = {isa = PBXBuildFile; fileRef = 4895468E2B0EBB4F0019CA68 /* HomeViewController.swift */; };
		489546912B0EBB610019CA68 /* LogsViewController.swift in Sources */ = {isa = PBXBuildFile; fileRef = 489546902B0EBB610019CA68 /* LogsViewController.swift */; };
		489546932B0EBB6C0019CA68 /* ThePondViewController.swift in Sources */ = {isa = PBXBuildFile; fileRef = 489546922B0EBB6C0019CA68 /* ThePondViewController.swift */; };
		489546952B0EBB800019CA68 /* UsernameViewController.swift in Sources */ = {isa = PBXBuildFile; fileRef = 489546942B0EBB800019CA68 /* UsernameViewController.swift */; };
		489546972B0EBB8B0019CA68 /* ThumbnailViewController.swift in Sources */ = {isa = PBXBuildFile; fileRef = 489546962B0EBB8B0019CA68 /* ThumbnailViewController.swift */; };
		4895469A2B0EBC750019CA68 /* HomeView.swift in Sources */ = {isa = PBXBuildFile; fileRef = 489546992B0EBC750019CA68 /* HomeView.swift */; };
		4895469C2B0EBC820019CA68 /* LogsView.swift in Sources */ = {isa = PBXBuildFile; fileRef = 4895469B2B0EBC820019CA68 /* LogsView.swift */; };
		4895469E2B0EBC8C0019CA68 /* ThePondView.swift in Sources */ = {isa = PBXBuildFile; fileRef = 4895469D2B0EBC8C0019CA68 /* ThePondView.swift */; };
		48A461972B0D95F000955A35 /* ProfileView.swift in Sources */ = {isa = PBXBuildFile; fileRef = 48A461962B0D95F000955A35 /* ProfileView.swift */; };
		48A461992B0D993D00955A35 /* UserManager.swift in Sources */ = {isa = PBXBuildFile; fileRef = 48A461982B0D993D00955A35 /* UserManager.swift */; };
		48A4619B2B0D9FD300955A35 /* AuthViewModel.swift in Sources */ = {isa = PBXBuildFile; fileRef = 48A4619A2B0D9FD300955A35 /* AuthViewModel.swift */; };
		48A4619D2B0DA43C00955A35 /* GoogleService-Info.plist in Resources */ = {isa = PBXBuildFile; fileRef = 48A4619C2B0DA43C00955A35 /* GoogleService-Info.plist */; };
		48A461A22B0DC5E300955A35 /* AccountSetupView.swift in Sources */ = {isa = PBXBuildFile; fileRef = 48A461A12B0DC5E300955A35 /* AccountSetupView.swift */; };
		48A461A72B0DD14200955A35 /* Theme.swift in Sources */ = {isa = PBXBuildFile; fileRef = 48A461A62B0DD14200955A35 /* Theme.swift */; };
/* End PBXBuildFile section */

/* Begin PBXFileReference section */
		4839B2062B0C0AAE00084E64 /* Info.plist */ = {isa = PBXFileReference; lastKnownFileType = text.plist; path = Info.plist; sourceTree = "<group>"; };
		4839B20A2B0D5EC500084E64 /* SessionStateManager.swift */ = {isa = PBXFileReference; lastKnownFileType = sourcecode.swift; path = SessionStateManager.swift; sourceTree = "<group>"; };
		4839B2102B0D8A0B00084E64 /* LoginView.swift */ = {isa = PBXFileReference; lastKnownFileType = sourcecode.swift; path = LoginView.swift; sourceTree = "<group>"; };
		4839B2122B0D8AF300084E64 /* InputView.swift */ = {isa = PBXFileReference; lastKnownFileType = sourcecode.swift; path = InputView.swift; sourceTree = "<group>"; };
		483BEC0F2B0BFCB10099B206 /* OTH-IOS.app */ = {isa = PBXFileReference; explicitFileType = wrapper.application; includeInIndex = 0; path = "OTH-IOS.app"; sourceTree = BUILT_PRODUCTS_DIR; };
		483BEC122B0BFCB10099B206 /* OTH_IOSApp.swift */ = {isa = PBXFileReference; lastKnownFileType = sourcecode.swift; path = OTH_IOSApp.swift; sourceTree = "<group>"; };
		483BEC142B0BFCB10099B206 /* ContentView.swift */ = {isa = PBXFileReference; lastKnownFileType = sourcecode.swift; path = ContentView.swift; sourceTree = "<group>"; };
		483BEC162B0BFCB30099B206 /* Assets.xcassets */ = {isa = PBXFileReference; lastKnownFileType = folder.assetcatalog; path = Assets.xcassets; sourceTree = "<group>"; };
		483BEC192B0BFCB30099B206 /* Preview Assets.xcassets */ = {isa = PBXFileReference; lastKnownFileType = folder.assetcatalog; path = "Preview Assets.xcassets"; sourceTree = "<group>"; };
		489546752B0E708B0019CA68 /* FirebaseUtility.swift */ = {isa = PBXFileReference; lastKnownFileType = sourcecode.swift; path = FirebaseUtility.swift; sourceTree = "<group>"; };
		489546772B0E8DD00019CA68 /* AddThumbnailView.swift */ = {isa = PBXFileReference; lastKnownFileType = sourcecode.swift; path = AddThumbnailView.swift; sourceTree = "<group>"; };
		489546792B0E9C0A0019CA68 /* SceneDelegate.swift */ = {isa = PBXFileReference; lastKnownFileType = sourcecode.swift; path = SceneDelegate.swift; sourceTree = "<group>"; };
		4895467B2B0E9D410019CA68 /* AppDelegate.swift */ = {isa = PBXFileReference; lastKnownFileType = sourcecode.swift; path = AppDelegate.swift; sourceTree = "<group>"; };
		489546862B0EB3C70019CA68 /* MainViewController.swift */ = {isa = PBXFileReference; lastKnownFileType = sourcecode.swift; path = MainViewController.swift; sourceTree = "<group>"; };
		489546882B0EB7DE0019CA68 /* TabBarController.swift */ = {isa = PBXFileReference; lastKnownFileType = sourcecode.swift; path = TabBarController.swift; sourceTree = "<group>"; };
		4895468A2B0EB7F00019CA68 /* SignUpViewController.swift */ = {isa = PBXFileReference; lastKnownFileType = sourcecode.swift; path = SignUpViewController.swift; sourceTree = "<group>"; };
		4895468E2B0EBB4F0019CA68 /* HomeViewController.swift */ = {isa = PBXFileReference; lastKnownFileType = sourcecode.swift; path = HomeViewController.swift; sourceTree = "<group>"; };
		489546902B0EBB610019CA68 /* LogsViewController.swift */ = {isa = PBXFileReference; lastKnownFileType = sourcecode.swift; path = LogsViewController.swift; sourceTree = "<group>"; };
		489546922B0EBB6C0019CA68 /* ThePondViewController.swift */ = {isa = PBXFileReference; lastKnownFileType = sourcecode.swift; path = ThePondViewController.swift; sourceTree = "<group>"; };
		489546942B0EBB800019CA68 /* UsernameViewController.swift */ = {isa = PBXFileReference; lastKnownFileType = sourcecode.swift; path = UsernameViewController.swift; sourceTree = "<group>"; };
		489546962B0EBB8B0019CA68 /* ThumbnailViewController.swift */ = {isa = PBXFileReference; lastKnownFileType = sourcecode.swift; path = ThumbnailViewController.swift; sourceTree = "<group>"; };
		489546992B0EBC750019CA68 /* HomeView.swift */ = {isa = PBXFileReference; lastKnownFileType = sourcecode.swift; path = HomeView.swift; sourceTree = "<group>"; };
		4895469B2B0EBC820019CA68 /* LogsView.swift */ = {isa = PBXFileReference; lastKnownFileType = sourcecode.swift; path = LogsView.swift; sourceTree = "<group>"; };
		4895469D2B0EBC8C0019CA68 /* ThePondView.swift */ = {isa = PBXFileReference; lastKnownFileType = sourcecode.swift; path = ThePondView.swift; sourceTree = "<group>"; };
		48A461962B0D95F000955A35 /* ProfileView.swift */ = {isa = PBXFileReference; lastKnownFileType = sourcecode.swift; path = ProfileView.swift; sourceTree = "<group>"; };
		48A461982B0D993D00955A35 /* UserManager.swift */ = {isa = PBXFileReference; lastKnownFileType = sourcecode.swift; path = UserManager.swift; sourceTree = "<group>"; };
		48A4619A2B0D9FD300955A35 /* AuthViewModel.swift */ = {isa = PBXFileReference; lastKnownFileType = sourcecode.swift; path = AuthViewModel.swift; sourceTree = "<group>"; };
		48A4619C2B0DA43C00955A35 /* GoogleService-Info.plist */ = {isa = PBXFileReference; fileEncoding = 4; lastKnownFileType = text.plist.xml; name = "GoogleService-Info.plist"; path = "../../../../Downloads/GoogleService-Info.plist"; sourceTree = "<group>"; };
		48A4619E2B0DA51E00955A35 /* OTH-IOS.entitlements */ = {isa = PBXFileReference; lastKnownFileType = text.plist.entitlements; path = "OTH-IOS.entitlements"; sourceTree = "<group>"; };
		48A461A12B0DC5E300955A35 /* AccountSetupView.swift */ = {isa = PBXFileReference; lastKnownFileType = sourcecode.swift; path = AccountSetupView.swift; sourceTree = "<group>"; };
		48A461A62B0DD14200955A35 /* Theme.swift */ = {isa = PBXFileReference; lastKnownFileType = sourcecode.swift; path = Theme.swift; sourceTree = "<group>"; };
/* End PBXFileReference section */

/* Begin PBXFrameworksBuildPhase section */
		483BEC0C2B0BFCB10099B206 /* Frameworks */ = {
			isa = PBXFrameworksBuildPhase;
			buildActionMask = 2147483647;
			files = (
				483BEC312B0C04210099B206 /* FirebaseDatabaseSwift in Frameworks */,
				483BEC352B0C04210099B206 /* FirebaseFirestoreCombine-Community in Frameworks */,
				483BEC2F2B0C04210099B206 /* FirebaseDatabase in Frameworks */,
				483BEC3F2B0C04210099B206 /* FirebaseStorageCombine-Community in Frameworks */,
				483BEC292B0C04210099B206 /* FirebaseAnalyticsSwift in Frameworks */,
				483BEC2B2B0C04210099B206 /* FirebaseAuth in Frameworks */,
				483BEC3D2B0C04210099B206 /* FirebaseStorage in Frameworks */,
				483BEC272B0C04210099B206 /* FirebaseAnalytics in Frameworks */,
				483BEC2D2B0C04210099B206 /* FirebaseAuthCombine-Community in Frameworks */,
				483BEC392B0C04210099B206 /* FirebaseFunctions in Frameworks */,
				483BEC332B0C04210099B206 /* FirebaseFirestore in Frameworks */,
				483BEC3B2B0C04210099B206 /* FirebaseFunctionsCombine-Community in Frameworks */,
				483BEC372B0C04210099B206 /* FirebaseFirestoreSwift in Frameworks */,
			);
			runOnlyForDeploymentPostprocessing = 0;
		};
/* End PBXFrameworksBuildPhase section */

/* Begin PBXGroup section */
		4839B2092B0D42D300084E64 /* Components */ = {
			isa = PBXGroup;
			children = (
				4839B2122B0D8AF300084E64 /* InputView.swift */,
			);
			path = Components;
			sourceTree = "<group>";
		};
		4839B20D2B0D897900084E64 /* Auth */ = {
			isa = PBXGroup;
			children = (
				48A461A12B0DC5E300955A35 /* AccountSetupView.swift */,
				4839B2102B0D8A0B00084E64 /* LoginView.swift */,
				489546772B0E8DD00019CA68 /* AddThumbnailView.swift */,
			);
			path = Auth;
			sourceTree = "<group>";
		};
		4839B20E2B0D898B00084E64 /* Profile */ = {
			isa = PBXGroup;
			children = (
				48A461962B0D95F000955A35 /* ProfileView.swift */,
			);
			path = Profile;
			sourceTree = "<group>";
		};
		4839B20F2B0D89A600084E64 /* Model */ = {
			isa = PBXGroup;
			children = (
				4839B20A2B0D5EC500084E64 /* SessionStateManager.swift */,
				48A461982B0D993D00955A35 /* UserManager.swift */,
				48A4619A2B0D9FD300955A35 /* AuthViewModel.swift */,
				489546752B0E708B0019CA68 /* FirebaseUtility.swift */,
			);
			path = Model;
			sourceTree = "<group>";
		};
		483BEC062B0BFCB10099B206 = {
			isa = PBXGroup;
			children = (
				483BEC112B0BFCB10099B206 /* OTH-IOS */,
				483BEC102B0BFCB10099B206 /* Products */,
			);
			sourceTree = "<group>";
		};
		483BEC102B0BFCB10099B206 /* Products */ = {
			isa = PBXGroup;
			children = (
				483BEC0F2B0BFCB10099B206 /* OTH-IOS.app */,
			);
			name = Products;
			sourceTree = "<group>";
		};
		483BEC112B0BFCB10099B206 /* OTH-IOS */ = {
			isa = PBXGroup;
			children = (
				4895467F2B0EA9030019CA68 /* ViewControllers */,
				48A461A52B0DD13400955A35 /* Theme */,
				48A4619E2B0DA51E00955A35 /* OTH-IOS.entitlements */,
				4839B2092B0D42D300084E64 /* Components */,
				48A461A02B0DA5E200955A35 /* Views */,
				4839B20F2B0D89A600084E64 /* Model */,
				483BEC182B0BFCB30099B206 /* Preview Content */,
				4839B2062B0C0AAE00084E64 /* Info.plist */,
				48A4619C2B0DA43C00955A35 /* GoogleService-Info.plist */,
				483BEC162B0BFCB30099B206 /* Assets.xcassets */,
				489546792B0E9C0A0019CA68 /* SceneDelegate.swift */,
				4895467B2B0E9D410019CA68 /* AppDelegate.swift */,
			);
			path = "OTH-IOS";
			sourceTree = "<group>";
		};
		483BEC182B0BFCB30099B206 /* Preview Content */ = {
			isa = PBXGroup;
			children = (
				483BEC192B0BFCB30099B206 /* Preview Assets.xcassets */,
			);
			path = "Preview Content";
			sourceTree = "<group>";
		};
		4895467F2B0EA9030019CA68 /* ViewControllers */ = {
			isa = PBXGroup;
			children = (
				4895468D2B0EBB090019CA68 /* Tabs */,
				4895468C2B0EBACC0019CA68 /* Onboarding */,
				489546862B0EB3C70019CA68 /* MainViewController.swift */,
			);
			path = ViewControllers;
			sourceTree = "<group>";
		};
		4895468C2B0EBACC0019CA68 /* Onboarding */ = {
			isa = PBXGroup;
			children = (
				4895468A2B0EB7F00019CA68 /* SignUpViewController.swift */,
				489546942B0EBB800019CA68 /* UsernameViewController.swift */,
				489546962B0EBB8B0019CA68 /* ThumbnailViewController.swift */,
			);
			path = Onboarding;
			sourceTree = "<group>";
		};
		4895468D2B0EBB090019CA68 /* Tabs */ = {
			isa = PBXGroup;
			children = (
				489546882B0EB7DE0019CA68 /* TabBarController.swift */,
				4895468E2B0EBB4F0019CA68 /* HomeViewController.swift */,
				489546902B0EBB610019CA68 /* LogsViewController.swift */,
				489546922B0EBB6C0019CA68 /* ThePondViewController.swift */,
			);
			path = Tabs;
			sourceTree = "<group>";
		};
		489546982B0EBC620019CA68 /* Tabs */ = {
			isa = PBXGroup;
			children = (
				489546992B0EBC750019CA68 /* HomeView.swift */,
				4895469B2B0EBC820019CA68 /* LogsView.swift */,
				4895469D2B0EBC8C0019CA68 /* ThePondView.swift */,
			);
			path = Tabs;
			sourceTree = "<group>";
		};
		48A461A02B0DA5E200955A35 /* Views */ = {
			isa = PBXGroup;
			children = (
				489546982B0EBC620019CA68 /* Tabs */,
				4839B20E2B0D898B00084E64 /* Profile */,
				4839B20D2B0D897900084E64 /* Auth */,
				483BEC122B0BFCB10099B206 /* OTH_IOSApp.swift */,
				483BEC142B0BFCB10099B206 /* ContentView.swift */,
			);
			path = Views;
			sourceTree = "<group>";
		};
		48A461A52B0DD13400955A35 /* Theme */ = {
			isa = PBXGroup;
			children = (
				48A461A62B0DD14200955A35 /* Theme.swift */,
			);
			path = Theme;
			sourceTree = "<group>";
		};
/* End PBXGroup section */

/* Begin PBXNativeTarget section */
		483BEC0E2B0BFCB10099B206 /* OTH-IOS */ = {
			isa = PBXNativeTarget;
			buildConfigurationList = 483BEC1D2B0BFCB30099B206 /* Build configuration list for PBXNativeTarget "OTH-IOS" */;
			buildPhases = (
				483BEC0B2B0BFCB10099B206 /* Sources */,
				483BEC0C2B0BFCB10099B206 /* Frameworks */,
				483BEC0D2B0BFCB10099B206 /* Resources */,
			);
			buildRules = (
			);
			dependencies = (
			);
			name = "OTH-IOS";
			packageProductDependencies = (
				483BEC262B0C04210099B206 /* FirebaseAnalytics */,
				483BEC282B0C04210099B206 /* FirebaseAnalyticsSwift */,
				483BEC2A2B0C04210099B206 /* FirebaseAuth */,
				483BEC2C2B0C04210099B206 /* FirebaseAuthCombine-Community */,
				483BEC2E2B0C04210099B206 /* FirebaseDatabase */,
				483BEC302B0C04210099B206 /* FirebaseDatabaseSwift */,
				483BEC322B0C04210099B206 /* FirebaseFirestore */,
				483BEC342B0C04210099B206 /* FirebaseFirestoreCombine-Community */,
				483BEC362B0C04210099B206 /* FirebaseFirestoreSwift */,
				483BEC382B0C04210099B206 /* FirebaseFunctions */,
				483BEC3A2B0C04210099B206 /* FirebaseFunctionsCombine-Community */,
				483BEC3C2B0C04210099B206 /* FirebaseStorage */,
				483BEC3E2B0C04210099B206 /* FirebaseStorageCombine-Community */,
			);
			productName = "OTH-IOS";
			productReference = 483BEC0F2B0BFCB10099B206 /* OTH-IOS.app */;
			productType = "com.apple.product-type.application";
		};
/* End PBXNativeTarget section */

/* Begin PBXProject section */
		483BEC072B0BFCB10099B206 /* Project object */ = {
			isa = PBXProject;
			attributes = {
				BuildIndependentTargetsInParallel = 1;
				LastSwiftUpdateCheck = 1430;
				LastUpgradeCheck = 1430;
				TargetAttributes = {
					483BEC0E2B0BFCB10099B206 = {
						CreatedOnToolsVersion = 14.3.1;
					};
				};
			};
			buildConfigurationList = 483BEC0A2B0BFCB10099B206 /* Build configuration list for PBXProject "OTH-IOS" */;
			compatibilityVersion = "Xcode 14.0";
			developmentRegion = en;
			hasScannedForEncodings = 0;
			knownRegions = (
				en,
				Base,
			);
			mainGroup = 483BEC062B0BFCB10099B206;
			packageReferences = (
				483BEC252B0C04210099B206 /* XCRemoteSwiftPackageReference "firebase-ios-sdk" */,
			);
			productRefGroup = 483BEC102B0BFCB10099B206 /* Products */;
			projectDirPath = "";
			projectRoot = "";
			targets = (
				483BEC0E2B0BFCB10099B206 /* OTH-IOS */,
			);
		};
/* End PBXProject section */

/* Begin PBXResourcesBuildPhase section */
		483BEC0D2B0BFCB10099B206 /* Resources */ = {
			isa = PBXResourcesBuildPhase;
			buildActionMask = 2147483647;
			files = (
				483BEC1A2B0BFCB30099B206 /* Preview Assets.xcassets in Resources */,
				483BEC172B0BFCB30099B206 /* Assets.xcassets in Resources */,
				48A4619D2B0DA43C00955A35 /* GoogleService-Info.plist in Resources */,
			);
			runOnlyForDeploymentPostprocessing = 0;
		};
/* End PBXResourcesBuildPhase section */

/* Begin PBXSourcesBuildPhase section */
		483BEC0B2B0BFCB10099B206 /* Sources */ = {
			isa = PBXSourcesBuildPhase;
			buildActionMask = 2147483647;
			files = (
				483BEC152B0BFCB10099B206 /* ContentView.swift in Sources */,
				4895469C2B0EBC820019CA68 /* LogsView.swift in Sources */,
				489546782B0E8DD00019CA68 /* AddThumbnailView.swift in Sources */,
				4895469E2B0EBC8C0019CA68 /* ThePondView.swift in Sources */,
				4839B20B2B0D5EC500084E64 /* SessionStateManager.swift in Sources */,
				48A461A22B0DC5E300955A35 /* AccountSetupView.swift in Sources */,
				4895467C2B0E9D410019CA68 /* AppDelegate.swift in Sources */,
				4895468F2B0EBB4F0019CA68 /* HomeViewController.swift in Sources */,
				4839B2132B0D8AF300084E64 /* InputView.swift in Sources */,
				489546952B0EBB800019CA68 /* UsernameViewController.swift in Sources */,
				4839B2112B0D8A0B00084E64 /* LoginView.swift in Sources */,
				489546972B0EBB8B0019CA68 /* ThumbnailViewController.swift in Sources */,
				48A461972B0D95F000955A35 /* ProfileView.swift in Sources */,
				48A461992B0D993D00955A35 /* UserManager.swift in Sources */,
				4895467A2B0E9C0A0019CA68 /* SceneDelegate.swift in Sources */,
				489546762B0E708B0019CA68 /* FirebaseUtility.swift in Sources */,
				4895468B2B0EB7F00019CA68 /* SignUpViewController.swift in Sources */,
				48A461A72B0DD14200955A35 /* Theme.swift in Sources */,
				489546872B0EB3C70019CA68 /* MainViewController.swift in Sources */,
				489546932B0EBB6C0019CA68 /* ThePondViewController.swift in Sources */,
				483BEC132B0BFCB10099B206 /* OTH_IOSApp.swift in Sources */,
				489546892B0EB7DE0019CA68 /* TabBarController.swift in Sources */,
				489546912B0EBB610019CA68 /* LogsViewController.swift in Sources */,
				4895469A2B0EBC750019CA68 /* HomeView.swift in Sources */,
				48A4619B2B0D9FD300955A35 /* AuthViewModel.swift in Sources */,
			);
			runOnlyForDeploymentPostprocessing = 0;
		};
/* End PBXSourcesBuildPhase section */

/* Begin XCBuildConfiguration section */
		483BEC1B2B0BFCB30099B206 /* Debug */ = {
			isa = XCBuildConfiguration;
			buildSettings = {
				ALWAYS_SEARCH_USER_PATHS = NO;
				CLANG_ANALYZER_NONNULL = YES;
				CLANG_ANALYZER_NUMBER_OBJECT_CONVERSION = YES_AGGRESSIVE;
				CLANG_CXX_LANGUAGE_STANDARD = "gnu++20";
				CLANG_ENABLE_MODULES = YES;
				CLANG_ENABLE_OBJC_ARC = YES;
				CLANG_ENABLE_OBJC_WEAK = YES;
				CLANG_WARN_BLOCK_CAPTURE_AUTORELEASING = YES;
				CLANG_WARN_BOOL_CONVERSION = YES;
				CLANG_WARN_COMMA = YES;
				CLANG_WARN_CONSTANT_CONVERSION = YES;
				CLANG_WARN_DEPRECATED_OBJC_IMPLEMENTATIONS = YES;
				CLANG_WARN_DIRECT_OBJC_ISA_USAGE = YES_ERROR;
				CLANG_WARN_DOCUMENTATION_COMMENTS = YES;
				CLANG_WARN_EMPTY_BODY = YES;
				CLANG_WARN_ENUM_CONVERSION = YES;
				CLANG_WARN_INFINITE_RECURSION = YES;
				CLANG_WARN_INT_CONVERSION = YES;
				CLANG_WARN_NON_LITERAL_NULL_CONVERSION = YES;
				CLANG_WARN_OBJC_IMPLICIT_RETAIN_SELF = YES;
				CLANG_WARN_OBJC_LITERAL_CONVERSION = YES;
				CLANG_WARN_OBJC_ROOT_CLASS = YES_ERROR;
				CLANG_WARN_QUOTED_INCLUDE_IN_FRAMEWORK_HEADER = YES;
				CLANG_WARN_RANGE_LOOP_ANALYSIS = YES;
				CLANG_WARN_STRICT_PROTOTYPES = YES;
				CLANG_WARN_SUSPICIOUS_MOVE = YES;
				CLANG_WARN_UNGUARDED_AVAILABILITY = YES_AGGRESSIVE;
				CLANG_WARN_UNREACHABLE_CODE = YES;
				CLANG_WARN__DUPLICATE_METHOD_MATCH = YES;
				COPY_PHASE_STRIP = NO;
				DEBUG_INFORMATION_FORMAT = dwarf;
				ENABLE_STRICT_OBJC_MSGSEND = YES;
				ENABLE_TESTABILITY = YES;
				GCC_C_LANGUAGE_STANDARD = gnu11;
				GCC_DYNAMIC_NO_PIC = NO;
				GCC_NO_COMMON_BLOCKS = YES;
				GCC_OPTIMIZATION_LEVEL = 0;
				GCC_PREPROCESSOR_DEFINITIONS = (
					"DEBUG=1",
					"$(inherited)",
				);
				GCC_WARN_64_TO_32_BIT_CONVERSION = YES;
				GCC_WARN_ABOUT_RETURN_TYPE = YES_ERROR;
				GCC_WARN_UNDECLARED_SELECTOR = YES;
				GCC_WARN_UNINITIALIZED_AUTOS = YES_AGGRESSIVE;
				GCC_WARN_UNUSED_FUNCTION = YES;
				GCC_WARN_UNUSED_VARIABLE = YES;
				IPHONEOS_DEPLOYMENT_TARGET = 16.4;
				MTL_ENABLE_DEBUG_INFO = INCLUDE_SOURCE;
				MTL_FAST_MATH = YES;
				ONLY_ACTIVE_ARCH = YES;
				SDKROOT = iphoneos;
				SWIFT_ACTIVE_COMPILATION_CONDITIONS = DEBUG;
				SWIFT_OPTIMIZATION_LEVEL = "-Onone";
			};
			name = Debug;
		};
		483BEC1C2B0BFCB30099B206 /* Release */ = {
			isa = XCBuildConfiguration;
			buildSettings = {
				ALWAYS_SEARCH_USER_PATHS = NO;
				CLANG_ANALYZER_NONNULL = YES;
				CLANG_ANALYZER_NUMBER_OBJECT_CONVERSION = YES_AGGRESSIVE;
				CLANG_CXX_LANGUAGE_STANDARD = "gnu++20";
				CLANG_ENABLE_MODULES = YES;
				CLANG_ENABLE_OBJC_ARC = YES;
				CLANG_ENABLE_OBJC_WEAK = YES;
				CLANG_WARN_BLOCK_CAPTURE_AUTORELEASING = YES;
				CLANG_WARN_BOOL_CONVERSION = YES;
				CLANG_WARN_COMMA = YES;
				CLANG_WARN_CONSTANT_CONVERSION = YES;
				CLANG_WARN_DEPRECATED_OBJC_IMPLEMENTATIONS = YES;
				CLANG_WARN_DIRECT_OBJC_ISA_USAGE = YES_ERROR;
				CLANG_WARN_DOCUMENTATION_COMMENTS = YES;
				CLANG_WARN_EMPTY_BODY = YES;
				CLANG_WARN_ENUM_CONVERSION = YES;
				CLANG_WARN_INFINITE_RECURSION = YES;
				CLANG_WARN_INT_CONVERSION = YES;
				CLANG_WARN_NON_LITERAL_NULL_CONVERSION = YES;
				CLANG_WARN_OBJC_IMPLICIT_RETAIN_SELF = YES;
				CLANG_WARN_OBJC_LITERAL_CONVERSION = YES;
				CLANG_WARN_OBJC_ROOT_CLASS = YES_ERROR;
				CLANG_WARN_QUOTED_INCLUDE_IN_FRAMEWORK_HEADER = YES;
				CLANG_WARN_RANGE_LOOP_ANALYSIS = YES;
				CLANG_WARN_STRICT_PROTOTYPES = YES;
				CLANG_WARN_SUSPICIOUS_MOVE = YES;
				CLANG_WARN_UNGUARDED_AVAILABILITY = YES_AGGRESSIVE;
				CLANG_WARN_UNREACHABLE_CODE = YES;
				CLANG_WARN__DUPLICATE_METHOD_MATCH = YES;
				COPY_PHASE_STRIP = NO;
				DEBUG_INFORMATION_FORMAT = "dwarf-with-dsym";
				ENABLE_NS_ASSERTIONS = NO;
				ENABLE_STRICT_OBJC_MSGSEND = YES;
				GCC_C_LANGUAGE_STANDARD = gnu11;
				GCC_NO_COMMON_BLOCKS = YES;
				GCC_WARN_64_TO_32_BIT_CONVERSION = YES;
				GCC_WARN_ABOUT_RETURN_TYPE = YES_ERROR;
				GCC_WARN_UNDECLARED_SELECTOR = YES;
				GCC_WARN_UNINITIALIZED_AUTOS = YES_AGGRESSIVE;
				GCC_WARN_UNUSED_FUNCTION = YES;
				GCC_WARN_UNUSED_VARIABLE = YES;
				IPHONEOS_DEPLOYMENT_TARGET = 16.4;
				MTL_ENABLE_DEBUG_INFO = NO;
				MTL_FAST_MATH = YES;
				SDKROOT = iphoneos;
				SWIFT_COMPILATION_MODE = wholemodule;
				SWIFT_OPTIMIZATION_LEVEL = "-O";
				VALIDATE_PRODUCT = YES;
			};
			name = Release;
		};
		483BEC1E2B0BFCB30099B206 /* Debug */ = {
			isa = XCBuildConfiguration;
			buildSettings = {
				ASSETCATALOG_COMPILER_APPICON_NAME = AppIcon;
				ASSETCATALOG_COMPILER_GLOBAL_ACCENT_COLOR_NAME = AccentColor;
				CODE_SIGN_ENTITLEMENTS = "OTH-IOS/OTH-IOS.entitlements";
				CODE_SIGN_STYLE = Automatic;
				CURRENT_PROJECT_VERSION = 1;
				DEVELOPMENT_ASSET_PATHS = "\"OTH-IOS/Preview Content\"";
				DEVELOPMENT_TEAM = 2765TH46RN;
				ENABLE_PREVIEWS = YES;
				GENERATE_INFOPLIST_FILE = YES;
				INFOPLIST_FILE = "OTH-IOS/Info.plist";
				INFOPLIST_KEY_UIApplicationSupportsIndirectInputEvents = YES;
				INFOPLIST_KEY_UILaunchScreen_Generation = YES;
				INFOPLIST_KEY_UISupportedInterfaceOrientations_iPad = "UIInterfaceOrientationPortrait UIInterfaceOrientationPortraitUpsideDown UIInterfaceOrientationLandscapeLeft UIInterfaceOrientationLandscapeRight";
				INFOPLIST_KEY_UISupportedInterfaceOrientations_iPhone = "UIInterfaceOrientationPortrait UIInterfaceOrientationLandscapeLeft UIInterfaceOrientationLandscapeRight";
				LD_RUNPATH_SEARCH_PATHS = (
					"$(inherited)",
					"@executable_path/Frameworks",
				);
				MARKETING_VERSION = 1.0;
				PRODUCT_BUNDLE_IDENTIFIER = com.aldensully.onthehook;
				PRODUCT_NAME = "$(TARGET_NAME)";
				SWIFT_EMIT_LOC_STRINGS = YES;
				SWIFT_VERSION = 5.0;
				TARGETED_DEVICE_FAMILY = "1,2";
			};
			name = Debug;
		};
		483BEC1F2B0BFCB30099B206 /* Release */ = {
			isa = XCBuildConfiguration;
			buildSettings = {
				ASSETCATALOG_COMPILER_APPICON_NAME = AppIcon;
				ASSETCATALOG_COMPILER_GLOBAL_ACCENT_COLOR_NAME = AccentColor;
				CODE_SIGN_ENTITLEMENTS = "OTH-IOS/OTH-IOS.entitlements";
				CODE_SIGN_STYLE = Automatic;
				CURRENT_PROJECT_VERSION = 1;
				DEVELOPMENT_ASSET_PATHS = "\"OTH-IOS/Preview Content\"";
				DEVELOPMENT_TEAM = 2765TH46RN;
				ENABLE_PREVIEWS = YES;
				GENERATE_INFOPLIST_FILE = YES;
				INFOPLIST_FILE = "OTH-IOS/Info.plist";
				INFOPLIST_KEY_UIApplicationSupportsIndirectInputEvents = YES;
				INFOPLIST_KEY_UILaunchScreen_Generation = YES;
				INFOPLIST_KEY_UISupportedInterfaceOrientations_iPad = "UIInterfaceOrientationPortrait UIInterfaceOrientationPortraitUpsideDown UIInterfaceOrientationLandscapeLeft UIInterfaceOrientationLandscapeRight";
				INFOPLIST_KEY_UISupportedInterfaceOrientations_iPhone = "UIInterfaceOrientationPortrait UIInterfaceOrientationLandscapeLeft UIInterfaceOrientationLandscapeRight";
				LD_RUNPATH_SEARCH_PATHS = (
					"$(inherited)",
					"@executable_path/Frameworks",
				);
				MARKETING_VERSION = 1.0;
				PRODUCT_BUNDLE_IDENTIFIER = com.aldensully.onthehook;
				PRODUCT_NAME = "$(TARGET_NAME)";
				SWIFT_EMIT_LOC_STRINGS = YES;
				SWIFT_VERSION = 5.0;
				TARGETED_DEVICE_FAMILY = "1,2";
			};
			name = Release;
		};
/* End XCBuildConfiguration section */

/* Begin XCConfigurationList section */
		483BEC0A2B0BFCB10099B206 /* Build configuration list for PBXProject "OTH-IOS" */ = {
			isa = XCConfigurationList;
			buildConfigurations = (
				483BEC1B2B0BFCB30099B206 /* Debug */,
				483BEC1C2B0BFCB30099B206 /* Release */,
			);
			defaultConfigurationIsVisible = 0;
			defaultConfigurationName = Release;
		};
		483BEC1D2B0BFCB30099B206 /* Build configuration list for PBXNativeTarget "OTH-IOS" */ = {
			isa = XCConfigurationList;
			buildConfigurations = (
				483BEC1E2B0BFCB30099B206 /* Debug */,
				483BEC1F2B0BFCB30099B206 /* Release */,
			);
			defaultConfigurationIsVisible = 0;
			defaultConfigurationName = Release;
		};
/* End XCConfigurationList section */

/* Begin XCRemoteSwiftPackageReference section */
		483BEC252B0C04210099B206 /* XCRemoteSwiftPackageReference "firebase-ios-sdk" */ = {
			isa = XCRemoteSwiftPackageReference;
			repositoryURL = "https://github.com/firebase/firebase-ios-sdk";
			requirement = {
				kind = upToNextMajorVersion;
				minimumVersion = 10.0.0;
			};
		};
/* End XCRemoteSwiftPackageReference section */

/* Begin XCSwiftPackageProductDependency section */
		483BEC262B0C04210099B206 /* FirebaseAnalytics */ = {
			isa = XCSwiftPackageProductDependency;
			package = 483BEC252B0C04210099B206 /* XCRemoteSwiftPackageReference "firebase-ios-sdk" */;
			productName = FirebaseAnalytics;
		};
		483BEC282B0C04210099B206 /* FirebaseAnalyticsSwift */ = {
			isa = XCSwiftPackageProductDependency;
			package = 483BEC252B0C04210099B206 /* XCRemoteSwiftPackageReference "firebase-ios-sdk" */;
			productName = FirebaseAnalyticsSwift;
		};
		483BEC2A2B0C04210099B206 /* FirebaseAuth */ = {
			isa = XCSwiftPackageProductDependency;
			package = 483BEC252B0C04210099B206 /* XCRemoteSwiftPackageReference "firebase-ios-sdk" */;
			productName = FirebaseAuth;
		};
		483BEC2C2B0C04210099B206 /* FirebaseAuthCombine-Community */ = {
			isa = XCSwiftPackageProductDependency;
			package = 483BEC252B0C04210099B206 /* XCRemoteSwiftPackageReference "firebase-ios-sdk" */;
			productName = "FirebaseAuthCombine-Community";
		};
		483BEC2E2B0C04210099B206 /* FirebaseDatabase */ = {
			isa = XCSwiftPackageProductDependency;
			package = 483BEC252B0C04210099B206 /* XCRemoteSwiftPackageReference "firebase-ios-sdk" */;
			productName = FirebaseDatabase;
		};
		483BEC302B0C04210099B206 /* FirebaseDatabaseSwift */ = {
			isa = XCSwiftPackageProductDependency;
			package = 483BEC252B0C04210099B206 /* XCRemoteSwiftPackageReference "firebase-ios-sdk" */;
			productName = FirebaseDatabaseSwift;
		};
		483BEC322B0C04210099B206 /* FirebaseFirestore */ = {
			isa = XCSwiftPackageProductDependency;
			package = 483BEC252B0C04210099B206 /* XCRemoteSwiftPackageReference "firebase-ios-sdk" */;
			productName = FirebaseFirestore;
		};
		483BEC342B0C04210099B206 /* FirebaseFirestoreCombine-Community */ = {
			isa = XCSwiftPackageProductDependency;
			package = 483BEC252B0C04210099B206 /* XCRemoteSwiftPackageReference "firebase-ios-sdk" */;
			productName = "FirebaseFirestoreCombine-Community";
		};
		483BEC362B0C04210099B206 /* FirebaseFirestoreSwift */ = {
			isa = XCSwiftPackageProductDependency;
			package = 483BEC252B0C04210099B206 /* XCRemoteSwiftPackageReference "firebase-ios-sdk" */;
			productName = FirebaseFirestoreSwift;
		};
		483BEC382B0C04210099B206 /* FirebaseFunctions */ = {
			isa = XCSwiftPackageProductDependency;
			package = 483BEC252B0C04210099B206 /* XCRemoteSwiftPackageReference "firebase-ios-sdk" */;
			productName = FirebaseFunctions;
		};
		483BEC3A2B0C04210099B206 /* FirebaseFunctionsCombine-Community */ = {
			isa = XCSwiftPackageProductDependency;
			package = 483BEC252B0C04210099B206 /* XCRemoteSwiftPackageReference "firebase-ios-sdk" */;
			productName = "FirebaseFunctionsCombine-Community";
		};
		483BEC3C2B0C04210099B206 /* FirebaseStorage */ = {
			isa = XCSwiftPackageProductDependency;
			package = 483BEC252B0C04210099B206 /* XCRemoteSwiftPackageReference "firebase-ios-sdk" */;
			productName = FirebaseStorage;
		};
		483BEC3E2B0C04210099B206 /* FirebaseStorageCombine-Community */ = {
			isa = XCSwiftPackageProductDependency;
			package = 483BEC252B0C04210099B206 /* XCRemoteSwiftPackageReference "firebase-ios-sdk" */;
			productName = "FirebaseStorageCombine-Community";
		};
/* End XCSwiftPackageProductDependency section */
	};
	rootObject = 483BEC072B0BFCB10099B206 /* Project object */;
}
